# THIS IS AN AUTOGENERATED FILE. DO NOT EDIT THIS FILE DIRECTLY.
# yarn lockfile v1


"@firebase/firestore-types@^0.4.3":
  version "0.4.3"
  resolved "https://registry.yarnpkg.com/@firebase/firestore-types/-/firestore-types-0.4.3.tgz#0baa4f68aa8889474f582320af577f1e9a78fab6"

"validate.js@https://github.com/aleek/validate.js#typings":
  version "0.12.0"
  resolved "https://github.com/aleek/validate.js#d5a34a6dd8875d53b84e50c5783b3d8041aaf9bb"
